
Microsoft Visual Studio Solution File, Format Version 12.00
# Visual Studio Version 17
VisualStudioVersion = 17.14.36623.8
MinimumVisualStudioVersion = 10.0.40219.1
Project("{FAE04EC0-301F-11D3-BF4B-00C04F79EFBC}") = "GuiderBlazor", "GuiderBlazor\GuiderBlazor\GuiderBlazor.csproj", "{8B4F29F1-913D-4E96-BD5A-259FA79A8D2A}"
EndProject
Project("{FAE04EC0-301F-11D3-BF4B-00C04F79EFBC}") = "GuiderBlazor.Client", "GuiderBlazor\GuiderBlazor.Client\GuiderBlazor.Client.csproj", "{27B4A774-A4A7-4850-9460-69208426A2D4}"
EndProject
Project("{FAE04EC0-301F-11D3-BF4B-00C04F79EFBC}") = "Shared", "Shared\Shared.csproj", "{FA50044B-46A3-495A-B606-EBC04A709733}"
EndProject
Global
	GlobalSection(SolutionConfigurationPlatforms) = preSolution
		Debug|Any CPU = Debug|Any CPU
		Release|Any CPU = Release|Any CPU
	EndGlobalSection
	GlobalSection(ProjectConfigurationPlatforms) = postSolution
		{8B4F29F1-913D-4E96-BD5A-259FA79A8D2A}.Debug|Any CPU.ActiveCfg = Debug|Any CPU
		{8B4F29F1-913D-4E96-BD5A-259FA79A8D2A}.Debug|Any CPU.Build.0 = Debug|Any CPU
		{8B4F29F1-913D-4E96-BD5A-259FA79A8D2A}.Release|Any CPU.ActiveCfg = Release|Any CPU
		{8B4F29F1-913D-4E96-BD5A-259FA79A8D2A}.Release|Any CPU.Build.0 = Release|Any CPU
		{27B4A774-A4A7-4850-9460-69208426A2D4}.Debug|Any CPU.ActiveCfg = Debug|Any CPU
		{27B4A774-A4A7-4850-9460-69208426A2D4}.Debug|Any CPU.Build.0 = Debug|Any CPU
		{27B4A774-A4A7-4850-9460-69208426A2D4}.Release|Any CPU.ActiveCfg = Release|Any CPU
		{27B4A774-A4A7-4850-9460-69208426A2D4}.Release|Any CPU.Build.0 = Release|Any CPU
		{FA50044B-46A3-495A-B606-EBC04A709733}.Debug|Any CPU.ActiveCfg = Debug|Any CPU
		{FA50044B-46A3-495A-B606-EBC04A709733}.Debug|Any CPU.Build.0 = Debug|Any CPU
		{FA50044B-46A3-495A-B606-EBC04A709733}.Release|Any CPU.ActiveCfg = Release|Any CPU
		{FA50044B-46A3-495A-B606-EBC04A709733}.Release|Any CPU.Build.0 = Release|Any CPU
	EndGlobalSection
	GlobalSection(SolutionProperties) = preSolution
		HideSolutionNode = FALSE
	EndGlobalSection
	GlobalSection(ExtensibilityGlobals) = postSolution
		SolutionGuid = {91FB4362-DC9B-42BD-A856-1FC3BAAB8A97}
	EndGlobalSection
EndGlobal
